// !$*UTF8*$!
{
	archiveVersion = 1;
	classes = {
	};
	objectVersion = 46;
	objects = {

/* Begin PBXBuildFile section */
		7C915D661C61CE75003AD756 /* main.m in Sources */ = {isa = PBXBuildFile; fileRef = 7C915D651C61CE75003AD756 /* main.m */; };
		7C915D691C61CE75003AD756 /* AppDelegate.m in Sources */ = {isa = PBXBuildFile; fileRef = 7C915D681C61CE75003AD756 /* AppDelegate.m */; };
		7C915D6F1C61CE75003AD756 /* Main.storyboard in Resources */ = {isa = PBXBuildFile; fileRef = 7C915D6D1C61CE75003AD756 /* Main.storyboard */; };
		7C915D711C61CE75003AD756 /* Assets.xcassets in Resources */ = {isa = PBXBuildFile; fileRef = 7C915D701C61CE75003AD756 /* Assets.xcassets */; };
		7C915D741C61CE75003AD756 /* LaunchScreen.storyboard in Resources */ = {isa = PBXBuildFile; fileRef = 7C915D721C61CE75003AD756 /* LaunchScreen.storyboard */; };
		7C915D7F1C61CE75003AD756 /* EvilMusicPlayerTests.m in Sources */ = {isa = PBXBuildFile; fileRef = 7C915D7E1C61CE75003AD756 /* EvilMusicPlayerTests.m */; };
		7C915D8A1C61CE75003AD756 /* EvilMusicPlayerUITests.m in Sources */ = {isa = PBXBuildFile; fileRef = 7C915D891C61CE75003AD756 /* EvilMusicPlayerUITests.m */; };
		7C915DB51C61CF7E003AD756 /* achievement.wav in Resources */ = {isa = PBXBuildFile; fileRef = 7C915D9B1C61CF7E003AD756 /* achievement.wav */; };
		7C915DB61C61CF7E003AD756 /* ahh-nicely.mp3 in Resources */ = {isa = PBXBuildFile; fileRef = 7C915D9C1C61CF7E003AD756 /* ahh-nicely.mp3 */; };
		7C915DB71C61CF7E003AD756 /* boo.mp3 in Resources */ = {isa = PBXBuildFile; fileRef = 7C915D9D1C61CF7E003AD756 /* boo.mp3 */; };
		7C915DB81C61CF7E003AD756 /* bubble.wav in Resources */ = {isa = PBXBuildFile; fileRef = 7C915D9E1C61CF7E003AD756 /* bubble.wav */; };
		7C915DB91C61CF7E003AD756 /* bubble1.wav in Resources */ = {isa = PBXBuildFile; fileRef = 7C915D9F1C61CF7E003AD756 /* bubble1.wav */; };
		7C915DBA1C61CF7E003AD756 /* cake-full.aif in Resources */ = {isa = PBXBuildFile; fileRef = 7C915DA01C61CF7E003AD756 /* cake-full.aif */; };
		7C915DBB1C61CF7E003AD756 /* chat_incoming.mp3 in Resources */ = {isa = PBXBuildFile; fileRef = 7C915DA11C61CF7E003AD756 /* chat_incoming.mp3 */; };
		7C915DBC1C61CF7E003AD756 /* click0.mp3 in Resources */ = {isa = PBXBuildFile; fileRef = 7C915DA21C61CF7E003AD756 /* click0.mp3 */; };
		7C915DBD1C61CF7E003AD756 /* click1.mp3 in Resources */ = {isa = PBXBuildFile; fileRef = 7C915DA31C61CF7E003AD756 /* click1.mp3 */; };
		7C915DBE1C61CF7E003AD756 /* doom.mp3 in Resources */ = {isa = PBXBuildFile; fileRef = 7C915DA41C61CF7E003AD756 /* doom.mp3 */; };
		7C915DBF1C61CF7E003AD756 /* drumroll.mp3 in Resources */ = {isa = PBXBuildFile; fileRef = 7C915DA51C61CF7E003AD756 /* drumroll.mp3 */; };
		7C915DC01C61CF7E003AD756 /* elevator-badspeakers.mp3 in Resources */ = {isa = PBXBuildFile; fileRef = 7C915DA61C61CF7E003AD756 /* elevator-badspeakers.mp3 */; };
		7C915DC11C61CF7E003AD756 /* gavel.mp3 in Resources */ = {isa = PBXBuildFile; fileRef = 7C915DA71C61CF7E003AD756 /* gavel.mp3 */; };
		7C915DC21C61CF7E003AD756 /* ho.mp3 in Resources */ = {isa = PBXBuildFile; fileRef = 7C915DA81C61CF7E003AD756 /* ho.mp3 */; };
		7C915DC31C61CF7E003AD756 /* laser-prep-reverse.mp3 in Resources */ = {isa = PBXBuildFile; fileRef = 7C915DA91C61CF7E003AD756 /* laser-prep-reverse.mp3 */; };
		7C915DC41C61CF7E003AD756 /* laser-prep.mp3 in Resources */ = {isa = PBXBuildFile; fileRef = 7C915DAA1C61CF7E003AD756 /* laser-prep.mp3 */; };
		7C915DC51C61CF7E003AD756 /* ninja-sword.mp3 in Resources */ = {isa = PBXBuildFile; fileRef = 7C915DAB1C61CF7E003AD756 /* ninja-sword.mp3 */; };
		7C915DC61C61CF7E003AD756 /* ninja-whack.mp3 in Resources */ = {isa = PBXBuildFile; fileRef = 7C915DAC1C61CF7E003AD756 /* ninja-whack.mp3 */; };
		7C915DC71C61CF7E003AD756 /* ninja-whoosh.mp3 in Resources */ = {isa = PBXBuildFile; fileRef = 7C915DAD1C61CF7E003AD756 /* ninja-whoosh.mp3 */; };
		7C915DC81C61CF7E003AD756 /* notice.mp3 in Resources */ = {isa = PBXBuildFile; fileRef = 7C915DAE1C61CF7E003AD756 /* notice.mp3 */; };
		7C915DC91C61CF7E003AD756 /* sad-trombone.aiff in Resources */ = {isa = PBXBuildFile; fileRef = 7C915DAF1C61CF7E003AD756 /* sad-trombone.aiff */; };
		7C915DCA1C61CF7E003AD756 /* select-classic.wav in Resources */ = {isa = PBXBuildFile; fileRef = 7C915DB01C61CF7E003AD756 /* select-classic.wav */; };
		7C915DCB1C61CF7E003AD756 /* small-applause.mp3 in Resources */ = {isa = PBXBuildFile; fileRef = 7C915DB11C61CF7E003AD756 /* small-applause.mp3 */; };
		7C915DCC1C61CF7E003AD756 /* sonar.mp3 in Resources */ = {isa = PBXBuildFile; fileRef = 7C915DB21C61CF7E003AD756 /* sonar.mp3 */; };
		7C915DCD1C61CF7E003AD756 /* start-echo.mp3 in Resources */ = {isa = PBXBuildFile; fileRef = 7C915DB31C61CF7E003AD756 /* start-echo.mp3 */; };
		7C915DCE1C61CF7E003AD756 /* whoosh.mp3 in Resources */ = {isa = PBXBuildFile; fileRef = 7C915DB41C61CF7E003AD756 /* whoosh.mp3 */; };
		7C915DD11C61CF87003AD756 /* EVLNowPlayingViewController.m in Sources */ = {isa = PBXBuildFile; fileRef = 7C915DD01C61CF87003AD756 /* EVLNowPlayingViewController.m */; };
		7C915DD41C61CF8E003AD756 /* EVLMusic.m in Sources */ = {isa = PBXBuildFile; fileRef = 7C915DD31C61CF8E003AD756 /* EVLMusic.m */; };
		7C915DD71C61CF94003AD756 /* EVLMusicManager.m in Sources */ = {isa = PBXBuildFile; fileRef = 7C915DD61C61CF94003AD756 /* EVLMusicManager.m */; };
/* End PBXBuildFile section */

/* Begin PBXContainerItemProxy section */
		7C915D7B1C61CE75003AD756 /* PBXContainerItemProxy */ = {
			isa = PBXContainerItemProxy;
			containerPortal = 7C915D591C61CE75003AD756 /* Project object */;
			proxyType = 1;
			remoteGlobalIDString = 7C915D601C61CE75003AD756;
			remoteInfo = EvilMusicPlayer;
		};
		7C915D861C61CE75003AD756 /* PBXContainerItemProxy */ = {
			isa = PBXContainerItemProxy;
			containerPortal = 7C915D591C61CE75003AD756 /* Project object */;
			proxyType = 1;
			remoteGlobalIDString = 7C915D601C61CE75003AD756;
			remoteInfo = EvilMusicPlayer;
		};
/* End PBXContainerItemProxy section */

/* Begin PBXFileReference section */
		7C915D611C61CE75003AD756 /* EvilMusicPlayer.app */ = {isa = PBXFileReference; explicitFileType = wrapper.application; includeInIndex = 0; path = EvilMusicPlayer.app; sourceTree = BUILT_PRODUCTS_DIR; };
		7C915D651C61CE75003AD756 /* main.m */ = {isa = PBXFileReference; lastKnownFileType = sourcecode.c.objc; path = main.m; sourceTree = "<group>"; };
		7C915D671C61CE75003AD756 /* AppDelegate.h */ = {isa = PBXFileReference; lastKnownFileType = sourcecode.c.h; path = AppDelegate.h; sourceTree = "<group>"; };
		7C915D681C61CE75003AD756 /* AppDelegate.m */ = {isa = PBXFileReference; lastKnownFileType = sourcecode.c.objc; path = AppDelegate.m; sourceTree = "<group>"; };
		7C915D6E1C61CE75003AD756 /* Base */ = {isa = PBXFileReference; lastKnownFileType = file.storyboard; name = Base; path = Base.lproj/Main.storyboard; sourceTree = "<group>"; };
		7C915D701C61CE75003AD756 /* Assets.xcassets */ = {isa = PBXFileReference; lastKnownFileType = folder.assetcatalog; path = Assets.xcassets; sourceTree = "<group>"; };
		7C915D731C61CE75003AD756 /* Base */ = {isa = PBXFileReference; lastKnownFileType = file.storyboard; name = Base; path = Base.lproj/LaunchScreen.storyboard; sourceTree = "<group>"; };
		7C915D751C61CE75003AD756 /* Info.plist */ = {isa = PBXFileReference; lastKnownFileType = text.plist.xml; path = Info.plist; sourceTree = "<group>"; };
		7C915D7A1C61CE75003AD756 /* EvilMusicPlayerTests.xctest */ = {isa = PBXFileReference; explicitFileType = wrapper.cfbundle; includeInIndex = 0; path = EvilMusicPlayerTests.xctest; sourceTree = BUILT_PRODUCTS_DIR; };
		7C915D7E1C61CE75003AD756 /* EvilMusicPlayerTests.m */ = {isa = PBXFileReference; lastKnownFileType = sourcecode.c.objc; path = EvilMusicPlayerTests.m; sourceTree = "<group>"; };
		7C915D801C61CE75003AD756 /* Info.plist */ = {isa = PBXFileReference; lastKnownFileType = text.plist.xml; path = Info.plist; sourceTree = "<group>"; };
		7C915D851C61CE75003AD756 /* EvilMusicPlayerUITests.xctest */ = {isa = PBXFileReference; explicitFileType = wrapper.cfbundle; includeInIndex = 0; path = EvilMusicPlayerUITests.xctest; sourceTree = BUILT_PRODUCTS_DIR; };
		7C915D891C61CE75003AD756 /* EvilMusicPlayerUITests.m */ = {isa = PBXFileReference; lastKnownFileType = sourcecode.c.objc; path = EvilMusicPlayerUITests.m; sourceTree = "<group>"; };
		7C915D8B1C61CE75003AD756 /* Info.plist */ = {isa = PBXFileReference; lastKnownFileType = text.plist.xml; path = Info.plist; sourceTree = "<group>"; };
		7C915D9B1C61CF7E003AD756 /* achievement.wav */ = {isa = PBXFileReference; lastKnownFileType = audio.wav; name = achievement.wav; path = Songs/achievement.wav; sourceTree = "<group>"; };
		7C915D9C1C61CF7E003AD756 /* ahh-nicely.mp3 */ = {isa = PBXFileReference; lastKnownFileType = audio.mp3; name = "ahh-nicely.mp3"; path = "Songs/ahh-nicely.mp3"; sourceTree = "<group>"; };
		7C915D9D1C61CF7E003AD756 /* boo.mp3 */ = {isa = PBXFileReference; lastKnownFileType = audio.mp3; name = boo.mp3; path = Songs/boo.mp3; sourceTree = "<group>"; };
		7C915D9E1C61CF7E003AD756 /* bubble.wav */ = {isa = PBXFileReference; lastKnownFileType = audio.wav; name = bubble.wav; path = Songs/bubble.wav; sourceTree = "<group>"; };
		7C915D9F1C61CF7E003AD756 /* bubble1.wav */ = {isa = PBXFileReference; lastKnownFileType = audio.wav; name = bubble1.wav; path = Songs/bubble1.wav; sourceTree = "<group>"; };
		7C915DA01C61CF7E003AD756 /* cake-full.aif */ = {isa = PBXFileReference; lastKnownFileType = file; name = "cake-full.aif"; path = "Songs/cake-full.aif"; sourceTree = "<group>"; };
		7C915DA11C61CF7E003AD756 /* chat_incoming.mp3 */ = {isa = PBXFileReference; lastKnownFileType = audio.mp3; name = chat_incoming.mp3; path = Songs/chat_incoming.mp3; sourceTree = "<group>"; };
		7C915DA21C61CF7E003AD756 /* click0.mp3 */ = {isa = PBXFileReference; lastKnownFileType = audio.mp3; name = click0.mp3; path = Songs/click0.mp3; sourceTree = "<group>"; };
		7C915DA31C61CF7E003AD756 /* click1.mp3 */ = {isa = PBXFileReference; lastKnownFileType = audio.mp3; name = click1.mp3; path = Songs/click1.mp3; sourceTree = "<group>"; };
		7C915DA41C61CF7E003AD756 /* doom.mp3 */ = {isa = PBXFileReference; lastKnownFileType = audio.mp3; name = doom.mp3; path = Songs/doom.mp3; sourceTree = "<group>"; };
		7C915DA51C61CF7E003AD756 /* drumroll.mp3 */ = {isa = PBXFileReference; lastKnownFileType = audio.mp3; name = drumroll.mp3; path = Songs/drumroll.mp3; sourceTree = "<group>"; };
		7C915DA61C61CF7E003AD756 /* elevator-badspeakers.mp3 */ = {isa = PBXFileReference; lastKnownFileType = audio.mp3; name = "elevator-badspeakers.mp3"; path = "Songs/elevator-badspeakers.mp3"; sourceTree = "<group>"; };
		7C915DA71C61CF7E003AD756 /* gavel.mp3 */ = {isa = PBXFileReference; lastKnownFileType = audio.mp3; name = gavel.mp3; path = Songs/gavel.mp3; sourceTree = "<group>"; };
		7C915DA81C61CF7E003AD756 /* ho.mp3 */ = {isa = PBXFileReference; lastKnownFileType = audio.mp3; name = ho.mp3; path = Songs/ho.mp3; sourceTree = "<group>"; };
		7C915DA91C61CF7E003AD756 /* laser-prep-reverse.mp3 */ = {isa = PBXFileReference; lastKnownFileType = audio.mp3; name = "laser-prep-reverse.mp3"; path = "Songs/laser-prep-reverse.mp3"; sourceTree = "<group>"; };
		7C915DAA1C61CF7E003AD756 /* laser-prep.mp3 */ = {isa = PBXFileReference; lastKnownFileType = audio.mp3; name = "laser-prep.mp3"; path = "Songs/laser-prep.mp3"; sourceTree = "<group>"; };
		7C915DAB1C61CF7E003AD756 /* ninja-sword.mp3 */ = {isa = PBXFileReference; lastKnownFileType = audio.mp3; name = "ninja-sword.mp3"; path = "Songs/ninja-sword.mp3"; sourceTree = "<group>"; };
		7C915DAC1C61CF7E003AD756 /* ninja-whack.mp3 */ = {isa = PBXFileReference; lastKnownFileType = audio.mp3; name = "ninja-whack.mp3"; path = "Songs/ninja-whack.mp3"; sourceTree = "<group>"; };
		7C915DAD1C61CF7E003AD756 /* ninja-whoosh.mp3 */ = {isa = PBXFileReference; lastKnownFileType = audio.mp3; name = "ninja-whoosh.mp3"; path = "Songs/ninja-whoosh.mp3"; sourceTree = "<group>"; };
		7C915DAE1C61CF7E003AD756 /* notice.mp3 */ = {isa = PBXFileReference; lastKnownFileType = audio.mp3; name = notice.mp3; path = Songs/notice.mp3; sourceTree = "<group>"; };
		7C915DAF1C61CF7E003AD756 /* sad-trombone.aiff */ = {isa = PBXFileReference; lastKnownFileType = audio.aiff; name = "sad-trombone.aiff"; path = "Songs/sad-trombone.aiff"; sourceTree = "<group>"; };
		7C915DB01C61CF7E003AD756 /* select-classic.wav */ = {isa = PBXFileReference; lastKnownFileType = audio.wav; name = "select-classic.wav"; path = "Songs/select-classic.wav"; sourceTree = "<group>"; };
		7C915DB11C61CF7E003AD756 /* small-applause.mp3 */ = {isa = PBXFileReference; lastKnownFileType = audio.mp3; name = "small-applause.mp3"; path = "Songs/small-applause.mp3"; sourceTree = "<group>"; };
		7C915DB21C61CF7E003AD756 /* sonar.mp3 */ = {isa = PBXFileReference; lastKnownFileType = audio.mp3; name = sonar.mp3; path = Songs/sonar.mp3; sourceTree = "<group>"; };
		7C915DB31C61CF7E003AD756 /* start-echo.mp3 */ = {isa = PBXFileReference; lastKnownFileType = audio.mp3; name = "start-echo.mp3"; path = "Songs/start-echo.mp3"; sourceTree = "<group>"; };
		7C915DB41C61CF7E003AD756 /* whoosh.mp3 */ = {isa = PBXFileReference; lastKnownFileType = audio.mp3; name = whoosh.mp3; path = Songs/whoosh.mp3; sourceTree = "<group>"; };
		7C915DCF1C61CF87003AD756 /* EVLNowPlayingViewController.h */ = {isa = PBXFileReference; fileEncoding = 4; lastKnownFileType = sourcecode.c.h; path = EVLNowPlayingViewController.h; sourceTree = "<group>"; };
		7C915DD01C61CF87003AD756 /* EVLNowPlayingViewController.m */ = {isa = PBXFileReference; fileEncoding = 4; lastKnownFileType = sourcecode.c.objc; path = EVLNowPlayingViewController.m; sourceTree = "<group>"; };
		7C915DD21C61CF8E003AD756 /* EVLMusic.h */ = {isa = PBXFileReference; fileEncoding = 4; lastKnownFileType = sourcecode.c.h; path = EVLMusic.h; sourceTree = "<group>"; };
		7C915DD31C61CF8E003AD756 /* EVLMusic.m */ = {isa = PBXFileReference; fileEncoding = 4; lastKnownFileType = sourcecode.c.objc; path = EVLMusic.m; sourceTree = "<group>"; };
		7C915DD51C61CF94003AD756 /* EVLMusicManager.h */ = {isa = PBXFileReference; fileEncoding = 4; lastKnownFileType = sourcecode.c.h; path = EVLMusicManager.h; sourceTree = "<group>"; };
		7C915DD61C61CF94003AD756 /* EVLMusicManager.m */ = {isa = PBXFileReference; fileEncoding = 4; lastKnownFileType = sourcecode.c.objc; path = EVLMusicManager.m; sourceTree = "<group>"; };
/* End PBXFileReference section */

/* Begin PBXFrameworksBuildPhase section */
		7C915D5E1C61CE75003AD756 /* Frameworks */ = {
			isa = PBXFrameworksBuildPhase;
			buildActionMask = 2147483647;
			files = (
			);
			runOnlyForDeploymentPostprocessing = 0;
		};
		7C915D771C61CE75003AD756 /* Frameworks */ = {
			isa = PBXFrameworksBuildPhase;
			buildActionMask = 2147483647;
			files = (
			);
			runOnlyForDeploymentPostprocessing = 0;
		};
		7C915D821C61CE75003AD756 /* Frameworks */ = {
			isa = PBXFrameworksBuildPhase;
			buildActionMask = 2147483647;
			files = (
			);
			runOnlyForDeploymentPostprocessing = 0;
		};
/* End PBXFrameworksBuildPhase section */

/* Begin PBXGroup section */
		7C915D581C61CE75003AD756 = {
			isa = PBXGroup;
			children = (
				7C915D631C61CE75003AD756 /* EvilMusicPlayer */,
				7C915D7D1C61CE75003AD756 /* EvilMusicPlayerTests */,
				7C915D881C61CE75003AD756 /* EvilMusicPlayerUITests */,
				7C915D621C61CE75003AD756 /* Products */,
			);
			sourceTree = "<group>";
		};
		7C915D621C61CE75003AD756 /* Products */ = {
			isa = PBXGroup;
			children = (
				7C915D611C61CE75003AD756 /* EvilMusicPlayer.app */,
				7C915D7A1C61CE75003AD756 /* EvilMusicPlayerTests.xctest */,
				7C915D851C61CE75003AD756 /* EvilMusicPlayerUITests.xctest */,
			);
			name = Products;
			sourceTree = "<group>";
		};
		7C915D631C61CE75003AD756 /* EvilMusicPlayer */ = {
			isa = PBXGroup;
			children = (
				7C915D9A1C61CF6F003AD756 /* UI */,
				7C915D991C61CF61003AD756 /* Resources */,
				7C915D981C61CF56003AD756 /* Data */,
				7C915D971C61CF4E003AD756 /* Managers */,
				7C915D671C61CE75003AD756 /* AppDelegate.h */,
				7C915D681C61CE75003AD756 /* AppDelegate.m */,
				7C915D6D1C61CE75003AD756 /* Main.storyboard */,
				7C915D701C61CE75003AD756 /* Assets.xcassets */,
				7C915D721C61CE75003AD756 /* LaunchScreen.storyboard */,
				7C915D751C61CE75003AD756 /* Info.plist */,
				7C915D641C61CE75003AD756 /* Supporting Files */,
			);
			path = EvilMusicPlayer;
			sourceTree = "<group>";
		};
		7C915D641C61CE75003AD756 /* Supporting Files */ = {
			isa = PBXGroup;
			children = (
				7C915D651C61CE75003AD756 /* main.m */,
			);
			name = "Supporting Files";
			sourceTree = "<group>";
		};
		7C915D7D1C61CE75003AD756 /* EvilMusicPlayerTests */ = {
			isa = PBXGroup;
			children = (
				7C915D7E1C61CE75003AD756 /* EvilMusicPlayerTests.m */,
				7C915D801C61CE75003AD756 /* Info.plist */,
			);
			path = EvilMusicPlayerTests;
			sourceTree = "<group>";
		};
		7C915D881C61CE75003AD756 /* EvilMusicPlayerUITests */ = {
			isa = PBXGroup;
			children = (
				7C915D891C61CE75003AD756 /* EvilMusicPlayerUITests.m */,
				7C915D8B1C61CE75003AD756 /* Info.plist */,
			);
			path = EvilMusicPlayerUITests;
			sourceTree = "<group>";
		};
		7C915D971C61CF4E003AD756 /* Managers */ = {
			isa = PBXGroup;
			children = (
				7C915DD51C61CF94003AD756 /* EVLMusicManager.h */,
				7C915DD61C61CF94003AD756 /* EVLMusicManager.m */,
			);
			name = Managers;
			sourceTree = "<group>";
		};
		7C915D981C61CF56003AD756 /* Data */ = {
			isa = PBXGroup;
			children = (
				7C915DD21C61CF8E003AD756 /* EVLMusic.h */,
				7C915DD31C61CF8E003AD756 /* EVLMusic.m */,
			);
			name = Data;
			sourceTree = "<group>";
		};
		7C915D991C61CF61003AD756 /* Resources */ = {
			isa = PBXGroup;
			children = (
				7C915D9B1C61CF7E003AD756 /* achievement.wav */,
				7C915D9C1C61CF7E003AD756 /* ahh-nicely.mp3 */,
				7C915D9D1C61CF7E003AD756 /* boo.mp3 */,
				7C915D9E1C61CF7E003AD756 /* bubble.wav */,
				7C915D9F1C61CF7E003AD756 /* bubble1.wav */,
				7C915DA01C61CF7E003AD756 /* cake-full.aif */,
				7C915DA11C61CF7E003AD756 /* chat_incoming.mp3 */,
				7C915DA21C61CF7E003AD756 /* click0.mp3 */,
				7C915DA31C61CF7E003AD756 /* click1.mp3 */,
				7C915DA41C61CF7E003AD756 /* doom.mp3 */,
				7C915DA51C61CF7E003AD756 /* drumroll.mp3 */,
				7C915DA61C61CF7E003AD756 /* elevator-badspeakers.mp3 */,
				7C915DA71C61CF7E003AD756 /* gavel.mp3 */,
				7C915DA81C61CF7E003AD756 /* ho.mp3 */,
				7C915DA91C61CF7E003AD756 /* laser-prep-reverse.mp3 */,
				7C915DAA1C61CF7E003AD756 /* laser-prep.mp3 */,
				7C915DAB1C61CF7E003AD756 /* ninja-sword.mp3 */,
				7C915DAC1C61CF7E003AD756 /* ninja-whack.mp3 */,
				7C915DAD1C61CF7E003AD756 /* ninja-whoosh.mp3 */,
				7C915DAE1C61CF7E003AD756 /* notice.mp3 */,
				7C915DAF1C61CF7E003AD756 /* sad-trombone.aiff */,
				7C915DB01C61CF7E003AD756 /* select-classic.wav */,
				7C915DB11C61CF7E003AD756 /* small-applause.mp3 */,
				7C915DB21C61CF7E003AD756 /* sonar.mp3 */,
				7C915DB31C61CF7E003AD756 /* start-echo.mp3 */,
				7C915DB41C61CF7E003AD756 /* whoosh.mp3 */,
			);
			name = Resources;
			sourceTree = "<group>";
		};
		7C915D9A1C61CF6F003AD756 /* UI */ = {
			isa = PBXGroup;
			children = (
				7C915DCF1C61CF87003AD756 /* EVLNowPlayingViewController.h */,
				7C915DD01C61CF87003AD756 /* EVLNowPlayingViewController.m */,
			);
			name = UI;
			sourceTree = "<group>";
		};
/* End PBXGroup section */

/* Begin PBXNativeTarget section */
		7C915D601C61CE75003AD756 /* EvilMusicPlayer */ = {
			isa = PBXNativeTarget;
			buildConfigurationList = 7C915D8E1C61CE75003AD756 /* Build configuration list for PBXNativeTarget "EvilMusicPlayer" */;
			buildPhases = (
				7C915D5D1C61CE75003AD756 /* Sources */,
				7C915D5E1C61CE75003AD756 /* Frameworks */,
				7C915D5F1C61CE75003AD756 /* Resources */,
			);
			buildRules = (
			);
			dependencies = (
			);
			name = EvilMusicPlayer;
			productName = EvilMusicPlayer;
			productReference = 7C915D611C61CE75003AD756 /* EvilMusicPlayer.app */;
			productType = "com.apple.product-type.application";
		};
		7C915D791C61CE75003AD756 /* EvilMusicPlayerTests */ = {
			isa = PBXNativeTarget;
			buildConfigurationList = 7C915D911C61CE75003AD756 /* Build configuration list for PBXNativeTarget "EvilMusicPlayerTests" */;
			buildPhases = (
				7C915D761C61CE75003AD756 /* Sources */,
				7C915D771C61CE75003AD756 /* Frameworks */,
				7C915D781C61CE75003AD756 /* Resources */,
			);
			buildRules = (
			);
			dependencies = (
				7C915D7C1C61CE75003AD756 /* PBXTargetDependency */,
			);
			name = EvilMusicPlayerTests;
			productName = EvilMusicPlayerTests;
			productReference = 7C915D7A1C61CE75003AD756 /* EvilMusicPlayerTests.xctest */;
			productType = "com.apple.product-type.bundle.unit-test";
		};
		7C915D841C61CE75003AD756 /* EvilMusicPlayerUITests */ = {
			isa = PBXNativeTarget;
			buildConfigurationList = 7C915D941C61CE75003AD756 /* Build configuration list for PBXNativeTarget "EvilMusicPlayerUITests" */;
			buildPhases = (
				7C915D811C61CE75003AD756 /* Sources */,
				7C915D821C61CE75003AD756 /* Frameworks */,
				7C915D831C61CE75003AD756 /* Resources */,
			);
			buildRules = (
			);
			dependencies = (
				7C915D871C61CE75003AD756 /* PBXTargetDependency */,
			);
			name = EvilMusicPlayerUITests;
			productName = EvilMusicPlayerUITests;
			productReference = 7C915D851C61CE75003AD756 /* EvilMusicPlayerUITests.xctest */;
			productType = "com.apple.product-type.bundle.ui-testing";
		};
/* End PBXNativeTarget section */

/* Begin PBXProject section */
		7C915D591C61CE75003AD756 /* Project object */ = {
			isa = PBXProject;
			attributes = {
				LastUpgradeCheck = 0720;
				ORGANIZATIONNAME = "Joseph Manis";
				TargetAttributes = {
					7C915D601C61CE75003AD756 = {
						CreatedOnToolsVersion = 7.2;
					};
					7C915D791C61CE75003AD756 = {
						CreatedOnToolsVersion = 7.2;
						TestTargetID = 7C915D601C61CE75003AD756;
					};
					7C915D841C61CE75003AD756 = {
						CreatedOnToolsVersion = 7.2;
						TestTargetID = 7C915D601C61CE75003AD756;
					};
				};
			};
			buildConfigurationList = 7C915D5C1C61CE75003AD756 /* Build configuration list for PBXProject "EvilMusicPlayer" */;
			compatibilityVersion = "Xcode 3.2";
			developmentRegion = English;
			hasScannedForEncodings = 0;
			knownRegions = (
				en,
				Base,
			);
			mainGroup = 7C915D581C61CE75003AD756;
			productRefGroup = 7C915D621C61CE75003AD756 /* Products */;
			projectDirPath = "";
			projectRoot = "";
			targets = (
				7C915D601C61CE75003AD756 /* EvilMusicPlayer */,
				7C915D791C61CE75003AD756 /* EvilMusicPlayerTests */,
				7C915D841C61CE75003AD756 /* EvilMusicPlayerUITests */,
			);
		};
/* End PBXProject section */

/* Begin PBXResourcesBuildPhase section */
		7C915D5F1C61CE75003AD756 /* Resources */ = {
			isa = PBXResourcesBuildPhase;
			buildActionMask = 2147483647;
			files = (
				7C915DC61C61CF7E003AD756 /* ninja-whack.mp3 in Resources */,
				7C915DC41C61CF7E003AD756 /* laser-prep.mp3 in Resources */,
				7C915DB51C61CF7E003AD756 /* achievement.wav in Resources */,
				7C915DCA1C61CF7E003AD756 /* select-classic.wav in Resources */,
				7C915D741C61CE75003AD756 /* LaunchScreen.storyboard in Resources */,
				7C915DCE1C61CF7E003AD756 /* whoosh.mp3 in Resources */,
				7C915D711C61CE75003AD756 /* Assets.xcassets in Resources */,
				7C915DBD1C61CF7E003AD756 /* click1.mp3 in Resources */,
				7C915DC81C61CF7E003AD756 /* notice.mp3 in Resources */,
				7C915DBA1C61CF7E003AD756 /* cake-full.aif in Resources */,
				7C915DCB1C61CF7E003AD756 /* small-applause.mp3 in Resources */,
				7C915DB71C61CF7E003AD756 /* boo.mp3 in Resources */,
				7C915DC21C61CF7E003AD756 /* ho.mp3 in Resources */,
				7C915DC11C61CF7E003AD756 /* gavel.mp3 in Resources */,
				7C915DC51C61CF7E003AD756 /* ninja-sword.mp3 in Resources */,
				7C915DB91C61CF7E003AD756 /* bubble1.wav in Resources */,
				7C915DB81C61CF7E003AD756 /* bubble.wav in Resources */,
				7C915DB61C61CF7E003AD756 /* ahh-nicely.mp3 in Resources */,
				7C915DBE1C61CF7E003AD756 /* doom.mp3 in Resources */,
				7C915DCD1C61CF7E003AD756 /* start-echo.mp3 in Resources */,
				7C915DC91C61CF7E003AD756 /* sad-trombone.aiff in Resources */,
				7C915DCC1C61CF7E003AD756 /* sonar.mp3 in Resources */,
				7C915DC31C61CF7E003AD756 /* laser-prep-reverse.mp3 in Resources */,
				7C915DBB1C61CF7E003AD756 /* chat_incoming.mp3 in Resources */,
				7C915DC71C61CF7E003AD756 /* ninja-whoosh.mp3 in Resources */,
				7C915DBF1C61CF7E003AD756 /* drumroll.mp3 in Resources */,
				7C915DC01C61CF7E003AD756 /* elevator-badspeakers.mp3 in Resources */,
				7C915DBC1C61CF7E003AD756 /* click0.mp3 in Resources */,
				7C915D6F1C61CE75003AD756 /* Main.storyboard in Resources */,
			);
			runOnlyForDeploymentPostprocessing = 0;
		};
		7C915D781C61CE75003AD756 /* Resources */ = {
			isa = PBXResourcesBuildPhase;
			buildActionMask = 2147483647;
			files = (
			);
			runOnlyForDeploymentPostprocessing = 0;
		};
		7C915D831C61CE75003AD756 /* Resources */ = {
			isa = PBXResourcesBuildPhase;
			buildActionMask = 2147483647;
			files = (
			);
			runOnlyForDeploymentPostprocessing = 0;
		};
/* End PBXResourcesBuildPhase section */

/* Begin PBXSourcesBuildPhase section */
		7C915D5D1C61CE75003AD756 /* Sources */ = {
			isa = PBXSourcesBuildPhase;
			buildActionMask = 2147483647;
			files = (
				7C915DD71C61CF94003AD756 /* EVLMusicManager.m in Sources */,
				7C915DD11C61CF87003AD756 /* EVLNowPlayingViewController.m in Sources */,
				7C915DD41C61CF8E003AD756 /* EVLMusic.m in Sources */,
				7C915D691C61CE75003AD756 /* AppDelegate.m in Sources */,
				7C915D661C61CE75003AD756 /* main.m in Sources */,
			);
			runOnlyForDeploymentPostprocessing = 0;
		};
		7C915D761C61CE75003AD756 /* Sources */ = {
			isa = PBXSourcesBuildPhase;
			buildActionMask = 2147483647;
			files = (
				7C915D7F1C61CE75003AD756 /* EvilMusicPlayerTests.m in Sources */,
			);
			runOnlyForDeploymentPostprocessing = 0;
		};
		7C915D811C61CE75003AD756 /* Sources */ = {
			isa = PBXSourcesBuildPhase;
			buildActionMask = 2147483647;
			files = (
				7C915D8A1C61CE75003AD756 /* EvilMusicPlayerUITests.m in Sources */,
			);
			runOnlyForDeploymentPostprocessing = 0;
		};
/* End PBXSourcesBuildPhase section */

/* Begin PBXTargetDependency section */
		7C915D7C1C61CE75003AD756 /* PBXTargetDependency */ = {
			isa = PBXTargetDependency;
			target = 7C915D601C61CE75003AD756 /* EvilMusicPlayer */;
			targetProxy = 7C915D7B1C61CE75003AD756 /* PBXContainerItemProxy */;
		};
		7C915D871C61CE75003AD756 /* PBXTargetDependency */ = {
			isa = PBXTargetDependency;
			target = 7C915D601C61CE75003AD756 /* EvilMusicPlayer */;
			targetProxy = 7C915D861C61CE75003AD756 /* PBXContainerItemProxy */;
		};
/* End PBXTargetDependency section */

/* Begin PBXVariantGroup section */
		7C915D6D1C61CE75003AD756 /* Main.storyboard */ = {
			isa = PBXVariantGroup;
			children = (
				7C915D6E1C61CE75003AD756 /* Base */,
			);
			name = Main.storyboard;
			sourceTree = "<group>";
		};
		7C915D721C61CE75003AD756 /* LaunchScreen.storyboard */ = {
			isa = PBXVariantGroup;
			children = (
				7C915D731C61CE75003AD756 /* Base */,
			);
			name = LaunchScreen.storyboard;
			sourceTree = "<group>";
		};
/* End PBXVariantGroup section */

/* Begin XCBuildConfiguration section */
		7C915D8C1C61CE75003AD756 /* Debug */ = {
			isa = XCBuildConfiguration;
			buildSettings = {
				ALWAYS_SEARCH_USER_PATHS = NO;
				CLANG_CXX_LANGUAGE_STANDARD = "gnu++0x";
				CLANG_CXX_LIBRARY = "libc++";
				CLANG_ENABLE_MODULES = YES;
				CLANG_ENABLE_OBJC_ARC = YES;
				CLANG_WARN_BOOL_CONVERSION = YES;
				CLANG_WARN_CONSTANT_CONVERSION = YES;
				CLANG_WARN_DIRECT_OBJC_ISA_USAGE = YES_ERROR;
				CLANG_WARN_EMPTY_BODY = YES;
				CLANG_WARN_ENUM_CONVERSION = YES;
				CLANG_WARN_INT_CONVERSION = YES;
				CLANG_WARN_OBJC_ROOT_CLASS = YES_ERROR;
				CLANG_WARN_UNREACHABLE_CODE = YES;
				CLANG_WARN__DUPLICATE_METHOD_MATCH = YES;
				"CODE_SIGN_IDENTITY[sdk=iphoneos*]" = "iPhone Developer";
				COPY_PHASE_STRIP = NO;
				DEBUG_INFORMATION_FORMAT = dwarf;
				ENABLE_STRICT_OBJC_MSGSEND = YES;
				ENABLE_TESTABILITY = YES;
				GCC_C_LANGUAGE_STANDARD = gnu99;
				GCC_DYNAMIC_NO_PIC = NO;
				GCC_NO_COMMON_BLOCKS = YES;
				GCC_OPTIMIZATION_LEVEL = 0;
				GCC_PREPROCESSOR_DEFINITIONS = (
					"DEBUG=1",
					"$(inherited)",
				);
				GCC_WARN_64_TO_32_BIT_CONVERSION = YES;
				GCC_WARN_ABOUT_RETURN_TYPE = YES_ERROR;
				GCC_WARN_UNDECLARED_SELECTOR = YES;
				GCC_WARN_UNINITIALIZED_AUTOS = YES_AGGRESSIVE;
				GCC_WARN_UNUSED_FUNCTION = YES;
				GCC_WARN_UNUSED_VARIABLE = YES;
				IPHONEOS_DEPLOYMENT_TARGET = 9.2;
				MTL_ENABLE_DEBUG_INFO = YES;
				ONLY_ACTIVE_ARCH = YES;
				SDKROOT = iphoneos;
				TARGETED_DEVICE_FAMILY = "1,2";
			};
			name = Debug;
		};
		7C915D8D1C61CE75003AD756 /* Release */ = {
			isa = XCBuildConfiguration;
			buildSettings = {
				ALWAYS_SEARCH_USER_PATHS = NO;
				CLANG_CXX_LANGUAGE_STANDARD = "gnu++0x";
				CLANG_CXX_LIBRARY = "libc++";
				CLANG_ENABLE_MODULES = YES;
				CLANG_ENABLE_OBJC_ARC = YES;
				CLANG_WARN_BOOL_CONVERSION = YES;
				CLANG_WARN_CONSTANT_CONVERSION = YES;
				CLANG_WARN_DIRECT_OBJC_ISA_USAGE = YES_ERROR;
				CLANG_WARN_EMPTY_BODY = YES;
				CLANG_WARN_ENUM_CONVERSION = YES;
				CLANG_WARN_INT_CONVERSION = YES;
				CLANG_WARN_OBJC_ROOT_CLASS = YES_ERROR;
				CLANG_WARN_UNREACHABLE_CODE = YES;
				CLANG_WARN__DUPLICATE_METHOD_MATCH = YES;
				"CODE_SIGN_IDENTITY[sdk=iphoneos*]" = "iPhone Developer";
				COPY_PHASE_STRIP = NO;
				DEBUG_INFORMATION_FORMAT = "dwarf-with-dsym";
				ENABLE_NS_ASSERTIONS = NO;
				ENABLE_STRICT_OBJC_MSGSEND = YES;
				GCC_C_LANGUAGE_STANDARD = gnu99;
				GCC_NO_COMMON_BLOCKS = YES;
				GCC_WARN_64_TO_32_BIT_CONVERSION = YES;
				GCC_WARN_ABOUT_RETURN_TYPE = YES_ERROR;
				GCC_WARN_UNDECLARED_SELECTOR = YES;
				GCC_WARN_UNINITIALIZED_AUTOS = YES_AGGRESSIVE;
				GCC_WARN_UNUSED_FUNCTION = YES;
				GCC_WARN_UNUSED_VARIABLE = YES;
				IPHONEOS_DEPLOYMENT_TARGET = 9.2;
				MTL_ENABLE_DEBUG_INFO = NO;
				SDKROOT = iphoneos;
				TARGETED_DEVICE_FAMILY = "1,2";
				VALIDATE_PRODUCT = YES;
			};
			name = Release;
		};
		7C915D8F1C61CE75003AD756 /* Debug */ = {
			isa = XCBuildConfiguration;
			buildSettings = {
				ASSETCATALOG_COMPILER_APPICON_NAME = AppIcon;
				INFOPLIST_FILE = EvilMusicPlayer/Info.plist;
				LD_RUNPATH_SEARCH_PATHS = "$(inherited) @executable_path/Frameworks";
				PRODUCT_BUNDLE_IDENTIFIER = com.joseph.EvilMusicPlayer;
				PRODUCT_NAME = "$(TARGET_NAME)";
				TARGETED_DEVICE_FAMILY = 1;
			};
			name = Debug;
		};
		7C915D901C61CE75003AD756 /* Release */ = {
			isa = XCBuildConfiguration;
			buildSettings = {
				ASSETCATALOG_COMPILER_APPICON_NAME = AppIcon;
				INFOPLIST_FILE = EvilMusicPlayer/Info.plist;
				LD_RUNPATH_SEARCH_PATHS = "$(inherited) @executable_path/Frameworks";
				PRODUCT_BUNDLE_IDENTIFIER = com.joseph.EvilMusicPlayer;
				PRODUCT_NAME = "$(TARGET_NAME)";
				TARGETED_DEVICE_FAMILY = 1;
			};
			name = Release;
		};
		7C915D921C61CE75003AD756 /* Debug */ = {
			isa = XCBuildConfiguration;
			buildSettings = {
				BUNDLE_LOADER = "$(TEST_HOST)";
				INFOPLIST_FILE = EvilMusicPlayerTests/Info.plist;
				LD_RUNPATH_SEARCH_PATHS = "$(inherited) @executable_path/Frameworks @loader_path/Frameworks";
				PRODUCT_BUNDLE_IDENTIFIER = com.joseph.EvilMusicPlayerTests;
				PRODUCT_NAME = "$(TARGET_NAME)";
				TEST_HOST = "$(BUILT_PRODUCTS_DIR)/EvilMusicPlayer.app/EvilMusicPlayer";
			};
			name = Debug;
		};
		7C915D931C61CE75003AD756 /* Release */ = {
			isa = XCBuildConfiguration;
			buildSettings = {
				BUNDLE_LOADER = "$(TEST_HOST)";
				INFOPLIST_FILE = EvilMusicPlayerTests/Info.plist;
				LD_RUNPATH_SEARCH_PATHS = "$(inherited) @executable_path/Frameworks @loader_path/Frameworks";
				PRODUCT_BUNDLE_IDENTIFIER = com.joseph.EvilMusicPlayerTests;
				PRODUCT_NAME = "$(TARGET_NAME)";
				TEST_HOST = "$(BUILT_PRODUCTS_DIR)/EvilMusicPlayer.app/EvilMusicPlayer";
			};
			name = Release;
		};
		7C915D951C61CE75003AD756 /* Debug */ = {
			isa = XCBuildConfiguration;
			buildSettings = {
				INFOPLIST_FILE = EvilMusicPlayerUITests/Info.plist;
				LD_RUNPATH_SEARCH_PATHS = "$(inherited) @executable_path/Frameworks @loader_path/Frameworks";
				PRODUCT_BUNDLE_IDENTIFIER = com.joseph.EvilMusicPlayerUITests;
				PRODUCT_NAME = "$(TARGET_NAME)";
				TEST_TARGET_NAME = EvilMusicPlayer;
				USES_XCTRUNNER = YES;
			};
			name = Debug;
		};
		7C915D961C61CE75003AD756 /* Release */ = {
			isa = XCBuildConfiguration;
			buildSettings = {
				INFOPLIST_FILE = EvilMusicPlayerUITests/Info.plist;
				LD_RUNPATH_SEARCH_PATHS = "$(inherited) @executable_path/Frameworks @loader_path/Frameworks";
				PRODUCT_BUNDLE_IDENTIFIER = com.joseph.EvilMusicPlayerUITests;
				PRODUCT_NAME = "$(TARGET_NAME)";
				TEST_TARGET_NAME = EvilMusicPlayer;
				USES_XCTRUNNER = YES;
			};
			name = Release;
		};
/* End XCBuildConfiguration section */

/* Begin XCConfigurationList section */
		7C915D5C1C61CE75003AD756 /* Build configuration list for PBXProject "EvilMusicPlayer" */ = {
			isa = XCConfigurationList;
			buildConfigurations = (
				7C915D8C1C61CE75003AD756 /* Debug */,
				7C915D8D1C61CE75003AD756 /* Release */,
			);
			defaultConfigurationIsVisible = 0;
			defaultConfigurationName = Release;
		};
		7C915D8E1C61CE75003AD756 /* Build configuration list for PBXNativeTarget "EvilMusicPlayer" */ = {
			isa = XCConfigurationList;
			buildConfigurations = (
				7C915D8F1C61CE75003AD756 /* Debug */,
				7C915D901C61CE75003AD756 /* Release */,
			);
			defaultConfigurationIsVisible = 0;
			defaultConfigurationName = Release;
		};
		7C915D911C61CE75003AD756 /* Build configuration list for PBXNativeTarget "EvilMusicPlayerTests" */ = {
			isa = XCConfigurationList;
			buildConfigurations = (
				7C915D921C61CE75003AD756 /* Debug */,
				7C915D931C61CE75003AD756 /* Release */,
			);
			defaultConfigurationIsVisible = 0;
			defaultConfigurationName = Release;
		};
		7C915D941C61CE75003AD756 /* Build configuration list for PBXNativeTarget "EvilMusicPlayerUITests" */ = {
			isa = XCConfigurationList;
			buildConfigurations = (
				7C915D951C61CE75003AD756 /* Debug */,
				7C915D961C61CE75003AD756 /* Release */,
			);
			defaultConfigurationIsVisible = 0;
			defaultConfigurationName = Release;
		};
/* End XCConfigurationList section */
	};
	rootObject = 7C915D591C61CE75003AD756 /* Project object */;
}
